
Microsoft Visual Studio Solution File, Format Version 12.00
Project("{FAE04EC0-301F-11D3-BF4B-00C04F79EFBC}") = "Pilotic.App", "Pilotic.App\Pilotic.App.csproj", "{1075CEA5-167D-49EA-9ED5-647AA4ACFF85}"
EndProject
Project("{FAE04EC0-301F-11D3-BF4B-00C04F79EFBC}") = "Pilotic.Tests", "Pilotic.Tests\Pilotic.Tests.csproj", "{235E6888-787B-4539-AEF3-4192022ABB55}"
EndProject
Project("{FAE04EC0-301F-11D3-BF4B-00C04F79EFBC}") = "Pilotic.Domain", "Pilotic.Domain\Pilotic.Domain.csproj", "{611A839D-C6FC-4686-89DC-ABB10AA2E304}"
EndProject
Project("{FAE04EC0-301F-11D3-BF4B-00C04F79EFBC}") = "Pilotic.API", "Pilotic.API\Pilotic.API.csproj", "{C40D3470-3973-48C8-B720-08F1FCB99690}"
EndProject
Global
	GlobalSection(SolutionConfigurationPlatforms) = preSolution
		Debug|Any CPU = Debug|Any CPU
		Release|Any CPU = Release|Any CPU
	EndGlobalSection
	GlobalSection(ProjectConfigurationPlatforms) = postSolution
		{1075CEA5-167D-49EA-9ED5-647AA4ACFF85}.Debug|Any CPU.ActiveCfg = Debug|Any CPU
		{1075CEA5-167D-49EA-9ED5-647AA4ACFF85}.Debug|Any CPU.Build.0 = Debug|Any CPU
		{1075CEA5-167D-49EA-9ED5-647AA4ACFF85}.Release|Any CPU.ActiveCfg = Release|Any CPU
		{1075CEA5-167D-49EA-9ED5-647AA4ACFF85}.Release|Any CPU.Build.0 = Release|Any CPU
		{235E6888-787B-4539-AEF3-4192022ABB55}.Debug|Any CPU.ActiveCfg = Debug|Any CPU
		{235E6888-787B-4539-AEF3-4192022ABB55}.Debug|Any CPU.Build.0 = Debug|Any CPU
		{235E6888-787B-4539-AEF3-4192022ABB55}.Release|Any CPU.ActiveCfg = Release|Any CPU
		{235E6888-787B-4539-AEF3-4192022ABB55}.Release|Any CPU.Build.0 = Release|Any CPU
		{611A839D-C6FC-4686-89DC-ABB10AA2E304}.Debug|Any CPU.ActiveCfg = Debug|Any CPU
		{611A839D-C6FC-4686-89DC-ABB10AA2E304}.Debug|Any CPU.Build.0 = Debug|Any CPU
		{611A839D-C6FC-4686-89DC-ABB10AA2E304}.Release|Any CPU.ActiveCfg = Release|Any CPU
		{611A839D-C6FC-4686-89DC-ABB10AA2E304}.Release|Any CPU.Build.0 = Release|Any CPU
		{C40D3470-3973-48C8-B720-08F1FCB99690}.Debug|Any CPU.ActiveCfg = Debug|Any CPU
		{C40D3470-3973-48C8-B720-08F1FCB99690}.Debug|Any CPU.Build.0 = Debug|Any CPU
		{C40D3470-3973-48C8-B720-08F1FCB99690}.Release|Any CPU.ActiveCfg = Release|Any CPU
		{C40D3470-3973-48C8-B720-08F1FCB99690}.Release|Any CPU.Build.0 = Release|Any CPU
	EndGlobalSection
EndGlobal
